
Microsoft Visual Studio Solution File, Format Version 12.00
# Visual Studio Version 17
VisualStudioVersion = 17.5.33516.290
MinimumVisualStudioVersion = 10.0.40219.1
Project("{FAE04EC0-301F-11D3-BF4B-00C04F79EFBC}") = "YouTubeOfficial", "YouTubeOfficial.csproj", "{199169DE-BBBC-49D9-A455-114233A27A55}"
EndProject
Global
	GlobalSection(SolutionConfigurationPlatforms) = preSolution
		Debug|Any CPU = Debug|Any CPU
		Release|Any CPU = Release|Any CPU
	EndGlobalSection
	GlobalSection(ProjectConfigurationPlatforms) = postSolution
		{199169DE-BBBC-49D9-A455-114233A27A55}.Debug|Any CPU.ActiveCfg = Debug|Any CPU
		{199169DE-BBBC-49D9-A455-114233A27A55}.Debug|Any CPU.Build.0 = Debug|Any CPU
		{199169DE-BBBC-49D9-A455-114233A27A55}.Release|Any CPU.ActiveCfg = Release|Any CPU
		{199169DE-BBBC-49D9-A455-114233A27A55}.Release|Any CPU.Build.0 = Release|Any CPU
	EndGlobalSection
	GlobalSection(SolutionProperties) = preSolution
		HideSolutionNode = FALSE
	EndGlobalSection
	GlobalSection(ExtensibilityGlobals) = postSolution
		SolutionGuid = {C45F8358-99F1-454F-B0FF-046B53C8A8DB}
	EndGlobalSection
EndGlobal
